
Microsoft Visual Studio Solution File, Format Version 12.00
# Visual Studio Version 17
VisualStudioVersion = 17.4.33110.190
MinimumVisualStudioVersion = 10.0.40219.1
Project("{8BC9CEB8-8B4A-11D0-8D11-00A0C91BC942}") = "Day1", "Day1\Day1.vcxproj", "{DA1A0815-46C8-4720-8731-D39D1D7DDB6E}"
EndProject
Project("{8BC9CEB8-8B4A-11D0-8D11-00A0C91BC942}") = "Day2", "Day2\Day2.vcxproj", "{EB64B520-58E3-4130-BEAD-685454FBEA62}"
EndProject
Project("{8BC9CEB8-8B4A-11D0-8D11-00A0C91BC942}") = "Day3", "Day3\Day3.vcxproj", "{22535E18-CCDD-4131-BDE0-04224D17D8AD}"
EndProject
Project("{8BC9CEB8-8B4A-11D0-8D11-00A0C91BC942}") = "Day4", "Day4\Day4.vcxproj", "{348D0661-E819-41CC-BC83-A49BC2E09F67}"
EndProject
Project("{8BC9CEB8-8B4A-11D0-8D11-00A0C91BC942}") = "Util", "Util\Util.vcxproj", "{1EF4887F-5FD9-4942-8929-D728952849C1}"
EndProject
Global
	GlobalSection(SolutionConfigurationPlatforms) = preSolution
		Debug|x64 = Debug|x64
		Debug|x86 = Debug|x86
		Release|x64 = Release|x64
		Release|x86 = Release|x86
	EndGlobalSection
	GlobalSection(ProjectConfigurationPlatforms) = postSolution
		{DA1A0815-46C8-4720-8731-D39D1D7DDB6E}.Debug|x64.ActiveCfg = Debug|x64
		{DA1A0815-46C8-4720-8731-D39D1D7DDB6E}.Debug|x64.Build.0 = Debug|x64
		{DA1A0815-46C8-4720-8731-D39D1D7DDB6E}.Debug|x86.ActiveCfg = Debug|Win32
		{DA1A0815-46C8-4720-8731-D39D1D7DDB6E}.Debug|x86.Build.0 = Debug|Win32
		{DA1A0815-46C8-4720-8731-D39D1D7DDB6E}.Release|x64.ActiveCfg = Release|x64
		{DA1A0815-46C8-4720-8731-D39D1D7DDB6E}.Release|x64.Build.0 = Release|x64
		{DA1A0815-46C8-4720-8731-D39D1D7DDB6E}.Release|x86.ActiveCfg = Release|Win32
		{DA1A0815-46C8-4720-8731-D39D1D7DDB6E}.Release|x86.Build.0 = Release|Win32
		{EB64B520-58E3-4130-BEAD-685454FBEA62}.Debug|x64.ActiveCfg = Debug|x64
		{EB64B520-58E3-4130-BEAD-685454FBEA62}.Debug|x64.Build.0 = Debug|x64
		{EB64B520-58E3-4130-BEAD-685454FBEA62}.Debug|x86.ActiveCfg = Debug|Win32
		{EB64B520-58E3-4130-BEAD-685454FBEA62}.Debug|x86.Build.0 = Debug|Win32
		{EB64B520-58E3-4130-BEAD-685454FBEA62}.Release|x64.ActiveCfg = Release|x64
		{EB64B520-58E3-4130-BEAD-685454FBEA62}.Release|x64.Build.0 = Release|x64
		{EB64B520-58E3-4130-BEAD-685454FBEA62}.Release|x86.ActiveCfg = Release|Win32
		{EB64B520-58E3-4130-BEAD-685454FBEA62}.Release|x86.Build.0 = Release|Win32
		{22535E18-CCDD-4131-BDE0-04224D17D8AD}.Debug|x64.ActiveCfg = Debug|x64
		{22535E18-CCDD-4131-BDE0-04224D17D8AD}.Debug|x64.Build.0 = Debug|x64
		{22535E18-CCDD-4131-BDE0-04224D17D8AD}.Debug|x86.ActiveCfg = Debug|Win32
		{22535E18-CCDD-4131-BDE0-04224D17D8AD}.Debug|x86.Build.0 = Debug|Win32
		{22535E18-CCDD-4131-BDE0-04224D17D8AD}.Release|x64.ActiveCfg = Release|x64
		{22535E18-CCDD-4131-BDE0-04224D17D8AD}.Release|x64.Build.0 = Release|x64
		{22535E18-CCDD-4131-BDE0-04224D17D8AD}.Release|x86.ActiveCfg = Release|Win32
		{22535E18-CCDD-4131-BDE0-04224D17D8AD}.Release|x86.Build.0 = Release|Win32
		{348D0661-E819-41CC-BC83-A49BC2E09F67}.Debug|x64.ActiveCfg = Debug|x64
		{348D0661-E819-41CC-BC83-A49BC2E09F67}.Debug|x64.Build.0 = Debug|x64
		{348D0661-E819-41CC-BC83-A49BC2E09F67}.Debug|x86.ActiveCfg = Debug|Win32
		{348D0661-E819-41CC-BC83-A49BC2E09F67}.Debug|x86.Build.0 = Debug|Win32
		{348D0661-E819-41CC-BC83-A49BC2E09F67}.Release|x64.ActiveCfg = Release|x64
		{348D0661-E819-41CC-BC83-A49BC2E09F67}.Release|x64.Build.0 = Release|x64
		{348D0661-E819-41CC-BC83-A49BC2E09F67}.Release|x86.ActiveCfg = Release|Win32
		{348D0661-E819-41CC-BC83-A49BC2E09F67}.Release|x86.Build.0 = Release|Win32
		{1EF4887F-5FD9-4942-8929-D728952849C1}.Debug|x64.ActiveCfg = Debug|x64
		{1EF4887F-5FD9-4942-8929-D728952849C1}.Debug|x64.Build.0 = Debug|x64
		{1EF4887F-5FD9-4942-8929-D728952849C1}.Debug|x86.ActiveCfg = Debug|Win32
		{1EF4887F-5FD9-4942-8929-D728952849C1}.Debug|x86.Build.0 = Debug|Win32
		{1EF4887F-5FD9-4942-8929-D728952849C1}.Release|x64.ActiveCfg = Release|x64
		{1EF4887F-5FD9-4942-8929-D728952849C1}.Release|x64.Build.0 = Release|x64
		{1EF4887F-5FD9-4942-8929-D728952849C1}.Release|x86.ActiveCfg = Release|Win32
		{1EF4887F-5FD9-4942-8929-D728952849C1}.Release|x86.Build.0 = Release|Win32
	EndGlobalSection
	GlobalSection(SolutionProperties) = preSolution
		HideSolutionNode = FALSE
	EndGlobalSection
	GlobalSection(ExtensibilityGlobals) = postSolution
		SolutionGuid = {150F8484-0299-47A6-9226-D2C69FC79EBF}
	EndGlobalSection
EndGlobal
